
Microsoft Visual Studio Solution File, Format Version 12.00
# Visual Studio Version 17
VisualStudioVersion = 17.4.33122.133
MinimumVisualStudioVersion = 10.0.40219.1
Project("{FAE04EC0-301F-11D3-BF4B-00C04F79EFBC}") = "AdventOfCode", "AdventOfCode.csproj", "{AC32F54A-614B-4210-B761-8911434BA591}"
EndProject
Global
	GlobalSection(SolutionConfigurationPlatforms) = preSolution
		Debug|Any CPU = Debug|Any CPU
		Release|Any CPU = Release|Any CPU
	EndGlobalSection
	GlobalSection(ProjectConfigurationPlatforms) = postSolution
		{AC32F54A-614B-4210-B761-8911434BA591}.Debug|Any CPU.ActiveCfg = Debug|Any CPU
		{AC32F54A-614B-4210-B761-8911434BA591}.Debug|Any CPU.Build.0 = Debug|Any CPU
		{AC32F54A-614B-4210-B761-8911434BA591}.Release|Any CPU.ActiveCfg = Release|Any CPU
		{AC32F54A-614B-4210-B761-8911434BA591}.Release|Any CPU.Build.0 = Release|Any CPU
	EndGlobalSection
	GlobalSection(SolutionProperties) = preSolution
		HideSolutionNode = FALSE
	EndGlobalSection
	GlobalSection(ExtensibilityGlobals) = postSolution
		SolutionGuid = {AB10F923-8010-4880-9E71-1869C3F9B717}
	EndGlobalSection
EndGlobal
